
Microsoft Visual Studio Solution File, Format Version 12.00
# Visual Studio Version 17
VisualStudioVersion = 17.9.34607.119
MinimumVisualStudioVersion = 10.0.40219.1
Project("{FAE04EC0-301F-11D3-BF4B-00C04F79EFBC}") = "JobVacancies", "JobVacancies\JobVacancies.csproj", "{F38DBC26-3439-4C37-A224-BC4B1BBECED8}"
EndProject
Global
	GlobalSection(SolutionConfigurationPlatforms) = preSolution
		Debug|Any CPU = Debug|Any CPU
		Release|Any CPU = Release|Any CPU
	EndGlobalSection
	GlobalSection(ProjectConfigurationPlatforms) = postSolution
		{F38DBC26-3439-4C37-A224-BC4B1BBECED8}.Debug|Any CPU.ActiveCfg = Debug|Any CPU
		{F38DBC26-3439-4C37-A224-BC4B1BBECED8}.Debug|Any CPU.Build.0 = Debug|Any CPU
		{F38DBC26-3439-4C37-A224-BC4B1BBECED8}.Release|Any CPU.ActiveCfg = Release|Any CPU
		{F38DBC26-3439-4C37-A224-BC4B1BBECED8}.Release|Any CPU.Build.0 = Release|Any CPU
	EndGlobalSection
	GlobalSection(SolutionProperties) = preSolution
		HideSolutionNode = FALSE
	EndGlobalSection
	GlobalSection(ExtensibilityGlobals) = postSolution
		SolutionGuid = {E8E953A0-D1C9-4DB6-BBF1-E0922A83BAFA}
	EndGlobalSection
EndGlobal
